<?xml version="1.0" encoding="utf-8"?>
<Project ToolsVersion="4.0" xmlns="http://schemas.microsoft.com/developer/msbuild/2003">
  <ItemGroup>
    <Filter Include="Source Files">
      <UniqueIdentifier>{4FC737F1-C7A5-4376-A066-2A32D752A2FF}</UniqueIdentifier>
      <Extensions>cpp;c;cc;cxx;c++;cppm;ixx;def;odl;idl;hpj;bat;asm;asmx</Extensions>
    </Filter>
    <Filter Include="Header Files">
      <UniqueIdentifier>{93995380-89BD-4b04-88EB-625FBE52EBFB}</UniqueIdentifier>
      <Extensions>h;hh;hpp;hxx;h++;hm;inl;inc;ipp;xsd</Extensions>
    </Filter>
    <Filter Include="Resource Files">
      <UniqueIdentifier>{67DA6AB6-F800-4c08-8B7A-83BB121AAD01}</UniqueIdentifier>
      <Extensions>rc;ico;cur;bmp;dlg;rc2;rct;bin;rgs;gif;jpg;jpeg;jpe;resx;tiff;tif;png;wav;mfcribbon-ms</Extensions>
    </Filter>
  </ItemGroup>
  <ItemGroup>
    <ClCompile Include="Base\Helium.Base.HeliumObject.ixx">
      <Filter>Source Files</Filter>
    </ClCompile>
    <ClCompile Include="Base\Helium.Base.ixx">
      <Filter>Source Files</Filter>
    </ClCompile>
    <ClCompile Include="Base\Helium.Base.Version.ixx">
      <Filter>Source Files</Filter>
    </ClCompile>
    <ClCompile Include="Config\Helium.Config.ixx">
      <Filter>Source Files</Filter>
    </ClCompile>
    <ClCompile Include="Event\helium\Helium.Events.Helium.ixx">
      <Filter>Source Files</Filter>
    </ClCompile>
    <ClCompile Include="Event\Helium.Events.EventEmitter.ixx">
      <Filter>Source Files</Filter>
    </ClCompile>
    <ClCompile Include="Event\Helium.Events.ixx">
      <Filter>Source Files</Filter>
    </ClCompile>
    <ClCompile Include="Logger\Helium.Logger.ixx">
      <Filter>Source Files</Filter>
    </ClCompile>
    <ClCompile Include="Modules\Helium.Modules.ixx">
      <Filter>Source Files</Filter>
    </ClCompile>
    <ClCompile Include="Modules\Helium.Modules.Module.ixx">
      <Filter>Source Files</Filter>
    </ClCompile>
    <ClCompile Include="Modules\Helium.Modules.ModuleManager.ixx">
      <Filter>Source Files</Filter>
    </ClCompile>
    <ClCompile Include="Modules\Helium.Modules.ModuleMetadata.ixx">
      <Filter>Source Files</Filter>
    </ClCompile>
    <ClCompile Include="Utils\Helium.Utils.ixx">
      <Filter>Source Files</Filter>
    </ClCompile>
    <ClCompile Include="Main\Helium.Main.ixx">
      <Filter>Source Files</Filter>
    </ClCompile>
    <ClCompile Include="Event\Helium.Events.Concepts.ixx">
      <Filter>Source Files</Filter>
    </ClCompile>
    <ClCompile Include="Event\Helium.Events.ListenerStream.ixx">
      <Filter>Source Files</Filter>
    </ClCompile>
    <ClCompile Include="Event\Helium.Events.EventManager.ixx">
      <Filter>Source Files</Filter>
    </ClCompile>
    <ClCompile Include="Event\Helium.Events.EventEmitterPolicy.ixx">
      <Filter>Source Files</Filter>
    </ClCompile>
    <ClCompile Include="Event\Helium.Events.EventListener.ixx">
      <Filter>Source Files</Filter>
    </ClCompile>
    <ClCompile Include="Utils\Helium.Utils.OverloadSet.ixx">
      <Filter>Source Files</Filter>
    </ClCompile>
    <ClCompile Include="Commands\Helium.Commands.ixx">
      <Filter>Source Files</Filter>
    </ClCompile>
    <ClCompile Include="Commands\CommandArgument\Helium.Commands.CommandArgument.ixx">
      <Filter>Source Files</Filter>
    </ClCompile>
    <ClCompile Include="Commands\CommandLiteral\Helium.Commands.CommandLiteral.ixx">
      <Filter>Source Files</Filter>
    </ClCompile>
    <ClCompile Include="Commands\CommandArgument\Helium.Commands.CommandArgument.CommandArgumentInteger.ixx">
      <Filter>Source Files</Filter>
    </ClCompile>
    <ClCompile Include="Commands\CommandBase\Helium.Commands.CommandBase.ixx">
      <Filter>Source Files</Filter>
    </ClCompile>
    <ClCompile Include="Commands\CommandDispatcher\Helium.Commands.CommandDispatcher.ixx">
      <Filter>Source Files</Filter>
    </ClCompile>
    <ClCompile Include="Commands\Concepts\Helium.Commands.Concepts.ixx">
      <Filter>Source Files</Filter>
    </ClCompile>
    <ClCompile Include="Commands\CommandLiteral\Helium.Commands.CommandLiteral.CommandStringLiteral.ixx">
      <Filter>Source Files</Filter>
    </ClCompile>
    <ClCompile Include="Commands\Helium.Commands.Test.ixx">
      <Filter>Source Files</Filter>
    </ClCompile>
  </ItemGroup>
</Project>